// !$*UTF8*$!
{
	archiveVersion = 1;
	classes = {
	};
	objectVersion = 56;
	objects = {

/* Begin PBXBuildFile section */
		5565011D28EBCC2D00C3EBDC /* AppDelegate.swift in Sources */ = {isa = PBXBuildFile; fileRef = 5565011C28EBCC2D00C3EBDC /* AppDelegate.swift */; };
		5565011F28EBCC2D00C3EBDC /* SceneDelegate.swift in Sources */ = {isa = PBXBuildFile; fileRef = 5565011E28EBCC2D00C3EBDC /* SceneDelegate.swift */; };
		5565012428EBCC2D00C3EBDC /* Main.storyboard in Resources */ = {isa = PBXBuildFile; fileRef = 5565012228EBCC2D00C3EBDC /* Main.storyboard */; };
		5565012628EBCC3100C3EBDC /* Assets.xcassets in Resources */ = {isa = PBXBuildFile; fileRef = 5565012528EBCC3100C3EBDC /* Assets.xcassets */; };
		5565012928EBCC3100C3EBDC /* LaunchScreen.storyboard in Resources */ = {isa = PBXBuildFile; fileRef = 5565012728EBCC3100C3EBDC /* LaunchScreen.storyboard */; };
		5565013428EBCC3100C3EBDC /* Maqsad_Test_AppTests.swift in Sources */ = {isa = PBXBuildFile; fileRef = 5565013328EBCC3100C3EBDC /* Maqsad_Test_AppTests.swift */; };
		5565013E28EBCC3100C3EBDC /* Maqsad_Test_AppUITests.swift in Sources */ = {isa = PBXBuildFile; fileRef = 5565013D28EBCC3100C3EBDC /* Maqsad_Test_AppUITests.swift */; };
		5565014028EBCC3100C3EBDC /* Maqsad_Test_AppUITestsLaunchTests.swift in Sources */ = {isa = PBXBuildFile; fileRef = 5565013F28EBCC3100C3EBDC /* Maqsad_Test_AppUITestsLaunchTests.swift */; };
		5565014F28EBCE2300C3EBDC /* SearchViewController.swift in Sources */ = {isa = PBXBuildFile; fileRef = 5565014E28EBCE2300C3EBDC /* SearchViewController.swift */; };
		5565015228EBD1E300C3EBDC /* Utilities.swift in Sources */ = {isa = PBXBuildFile; fileRef = 5565015128EBD1E300C3EBDC /* Utilities.swift */; };
		5565015428EBD2B000C3EBDC /* SearchViewModel.swift in Sources */ = {isa = PBXBuildFile; fileRef = 5565015328EBD2B000C3EBDC /* SearchViewModel.swift */; };
		5565015928EBD64100C3EBDC /* DisplayViewController.swift in Sources */ = {isa = PBXBuildFile; fileRef = 5565015828EBD64100C3EBDC /* DisplayViewController.swift */; };
		5565015B28EC0DF700C3EBDC /* DataResponse.swift in Sources */ = {isa = PBXBuildFile; fileRef = 5565015A28EC0DF700C3EBDC /* DataResponse.swift */; };
		5565015F28EC1EB000C3EBDC /* DisplayTableViewCell.swift in Sources */ = {isa = PBXBuildFile; fileRef = 5565015D28EC1EB000C3EBDC /* DisplayTableViewCell.swift */; };
		5565016028EC1EB000C3EBDC /* DisplayTableViewCell.xib in Resources */ = {isa = PBXBuildFile; fileRef = 5565015E28EC1EB000C3EBDC /* DisplayTableViewCell.xib */; };
		5565016228EC2B2700C3EBDC /* UiViewX.swift in Sources */ = {isa = PBXBuildFile; fileRef = 5565016128EC2B2700C3EBDC /* UiViewX.swift */; };
		5565016428EC2D8E00C3EBDC /* UiTableViewCell+Extension.swift in Sources */ = {isa = PBXBuildFile; fileRef = 5565016328EC2D8E00C3EBDC /* UiTableViewCell+Extension.swift */; };
		55DD065828EC41F5006DDA55 /* UiImageViewX.swift in Sources */ = {isa = PBXBuildFile; fileRef = 55DD065728EC41F5006DDA55 /* UiImageViewX.swift */; };
/* End PBXBuildFile section */

/* Begin PBXContainerItemProxy section */
		5565013028EBCC3100C3EBDC /* PBXContainerItemProxy */ = {
			isa = PBXContainerItemProxy;
			containerPortal = 5565011128EBCC2D00C3EBDC /* Project object */;
			proxyType = 1;
			remoteGlobalIDString = 5565011828EBCC2D00C3EBDC;
			remoteInfo = "Maqsad-Test-App";
		};
		5565013A28EBCC3100C3EBDC /* PBXContainerItemProxy */ = {
			isa = PBXContainerItemProxy;
			containerPortal = 5565011128EBCC2D00C3EBDC /* Project object */;
			proxyType = 1;
			remoteGlobalIDString = 5565011828EBCC2D00C3EBDC;
			remoteInfo = "Maqsad-Test-App";
		};
/* End PBXContainerItemProxy section */

/* Begin PBXFileReference section */
		5565011928EBCC2D00C3EBDC /* Maqsad-Test-App.app */ = {isa = PBXFileReference; explicitFileType = wrapper.application; includeInIndex = 0; path = "Maqsad-Test-App.app"; sourceTree = BUILT_PRODUCTS_DIR; };
		5565011C28EBCC2D00C3EBDC /* AppDelegate.swift */ = {isa = PBXFileReference; lastKnownFileType = sourcecode.swift; path = AppDelegate.swift; sourceTree = "<group>"; };
		5565011E28EBCC2D00C3EBDC /* SceneDelegate.swift */ = {isa = PBXFileReference; lastKnownFileType = sourcecode.swift; path = SceneDelegate.swift; sourceTree = "<group>"; };
		5565012328EBCC2D00C3EBDC /* Base */ = {isa = PBXFileReference; lastKnownFileType = file.storyboard; name = Base; path = Base.lproj/Main.storyboard; sourceTree = "<group>"; };
		5565012528EBCC3100C3EBDC /* Assets.xcassets */ = {isa = PBXFileReference; lastKnownFileType = folder.assetcatalog; path = Assets.xcassets; sourceTree = "<group>"; };
		5565012828EBCC3100C3EBDC /* Base */ = {isa = PBXFileReference; lastKnownFileType = file.storyboard; name = Base; path = Base.lproj/LaunchScreen.storyboard; sourceTree = "<group>"; };
		5565012A28EBCC3100C3EBDC /* Info.plist */ = {isa = PBXFileReference; lastKnownFileType = text.plist.xml; path = Info.plist; sourceTree = "<group>"; };
		5565012F28EBCC3100C3EBDC /* Maqsad-Test-AppTests.xctest */ = {isa = PBXFileReference; explicitFileType = wrapper.cfbundle; includeInIndex = 0; path = "Maqsad-Test-AppTests.xctest"; sourceTree = BUILT_PRODUCTS_DIR; };
		5565013328EBCC3100C3EBDC /* Maqsad_Test_AppTests.swift */ = {isa = PBXFileReference; lastKnownFileType = sourcecode.swift; path = Maqsad_Test_AppTests.swift; sourceTree = "<group>"; };
		5565013928EBCC3100C3EBDC /* Maqsad-Test-AppUITests.xctest */ = {isa = PBXFileReference; explicitFileType = wrapper.cfbundle; includeInIndex = 0; path = "Maqsad-Test-AppUITests.xctest"; sourceTree = BUILT_PRODUCTS_DIR; };
		5565013D28EBCC3100C3EBDC /* Maqsad_Test_AppUITests.swift */ = {isa = PBXFileReference; lastKnownFileType = sourcecode.swift; path = Maqsad_Test_AppUITests.swift; sourceTree = "<group>"; };
		5565013F28EBCC3100C3EBDC /* Maqsad_Test_AppUITestsLaunchTests.swift */ = {isa = PBXFileReference; lastKnownFileType = sourcecode.swift; path = Maqsad_Test_AppUITestsLaunchTests.swift; sourceTree = "<group>"; };
		5565014E28EBCE2300C3EBDC /* SearchViewController.swift */ = {isa = PBXFileReference; lastKnownFileType = sourcecode.swift; path = SearchViewController.swift; sourceTree = "<group>"; };
		5565015128EBD1E300C3EBDC /* Utilities.swift */ = {isa = PBXFileReference; lastKnownFileType = sourcecode.swift; path = Utilities.swift; sourceTree = "<group>"; };
		5565015328EBD2B000C3EBDC /* SearchViewModel.swift */ = {isa = PBXFileReference; lastKnownFileType = sourcecode.swift; path = SearchViewModel.swift; sourceTree = "<group>"; };
		5565015828EBD64100C3EBDC /* DisplayViewController.swift */ = {isa = PBXFileReference; lastKnownFileType = sourcecode.swift; path = DisplayViewController.swift; sourceTree = "<group>"; };
		5565015A28EC0DF700C3EBDC /* DataResponse.swift */ = {isa = PBXFileReference; lastKnownFileType = sourcecode.swift; path = DataResponse.swift; sourceTree = "<group>"; };
		5565015D28EC1EB000C3EBDC /* DisplayTableViewCell.swift */ = {isa = PBXFileReference; lastKnownFileType = sourcecode.swift; path = DisplayTableViewCell.swift; sourceTree = "<group>"; };
		5565015E28EC1EB000C3EBDC /* DisplayTableViewCell.xib */ = {isa = PBXFileReference; lastKnownFileType = file.xib; path = DisplayTableViewCell.xib; sourceTree = "<group>"; };
		5565016128EC2B2700C3EBDC /* UiViewX.swift */ = {isa = PBXFileReference; lastKnownFileType = sourcecode.swift; path = UiViewX.swift; sourceTree = "<group>"; };
		5565016328EC2D8E00C3EBDC /* UiTableViewCell+Extension.swift */ = {isa = PBXFileReference; lastKnownFileType = sourcecode.swift; path = "UiTableViewCell+Extension.swift"; sourceTree = "<group>"; };
		55DD065728EC41F5006DDA55 /* UiImageViewX.swift */ = {isa = PBXFileReference; lastKnownFileType = sourcecode.swift; path = UiImageViewX.swift; sourceTree = "<group>"; };
/* End PBXFileReference section */

/* Begin PBXFrameworksBuildPhase section */
		5565011628EBCC2D00C3EBDC /* Frameworks */ = {
			isa = PBXFrameworksBuildPhase;
			buildActionMask = 2147483647;
			files = (
			);
			runOnlyForDeploymentPostprocessing = 0;
		};
		5565012C28EBCC3100C3EBDC /* Frameworks */ = {
			isa = PBXFrameworksBuildPhase;
			buildActionMask = 2147483647;
			files = (
			);
			runOnlyForDeploymentPostprocessing = 0;
		};
		5565013628EBCC3100C3EBDC /* Frameworks */ = {
			isa = PBXFrameworksBuildPhase;
			buildActionMask = 2147483647;
			files = (
			);
			runOnlyForDeploymentPostprocessing = 0;
		};
/* End PBXFrameworksBuildPhase section */

/* Begin PBXGroup section */
		5565011028EBCC2D00C3EBDC = {
			isa = PBXGroup;
			children = (
				5565011B28EBCC2D00C3EBDC /* Maqsad-Test-App */,
				5565013228EBCC3100C3EBDC /* Maqsad-Test-AppTests */,
				5565013C28EBCC3100C3EBDC /* Maqsad-Test-AppUITests */,
				5565011A28EBCC2D00C3EBDC /* Products */,
			);
			sourceTree = "<group>";
		};
		5565011A28EBCC2D00C3EBDC /* Products */ = {
			isa = PBXGroup;
			children = (
				5565011928EBCC2D00C3EBDC /* Maqsad-Test-App.app */,
				5565012F28EBCC3100C3EBDC /* Maqsad-Test-AppTests.xctest */,
				5565013928EBCC3100C3EBDC /* Maqsad-Test-AppUITests.xctest */,
			);
			name = Products;
			sourceTree = "<group>";
		};
		5565011B28EBCC2D00C3EBDC /* Maqsad-Test-App */ = {
			isa = PBXGroup;
			children = (
				5565015028EBD1C400C3EBDC /* helper */,
				5565014C28EBCDF700C3EBDC /* Module */,
				5565011C28EBCC2D00C3EBDC /* AppDelegate.swift */,
				5565011E28EBCC2D00C3EBDC /* SceneDelegate.swift */,
				5565012228EBCC2D00C3EBDC /* Main.storyboard */,
				5565012528EBCC3100C3EBDC /* Assets.xcassets */,
				5565012728EBCC3100C3EBDC /* LaunchScreen.storyboard */,
				5565012A28EBCC3100C3EBDC /* Info.plist */,
			);
			path = "Maqsad-Test-App";
			sourceTree = "<group>";
		};
		5565013228EBCC3100C3EBDC /* Maqsad-Test-AppTests */ = {
			isa = PBXGroup;
			children = (
				5565013328EBCC3100C3EBDC /* Maqsad_Test_AppTests.swift */,
			);
			path = "Maqsad-Test-AppTests";
			sourceTree = "<group>";
		};
		5565013C28EBCC3100C3EBDC /* Maqsad-Test-AppUITests */ = {
			isa = PBXGroup;
			children = (
				5565013D28EBCC3100C3EBDC /* Maqsad_Test_AppUITests.swift */,
				5565013F28EBCC3100C3EBDC /* Maqsad_Test_AppUITestsLaunchTests.swift */,
			);
			path = "Maqsad-Test-AppUITests";
			sourceTree = "<group>";
		};
		5565014C28EBCDF700C3EBDC /* Module */ = {
			isa = PBXGroup;
			children = (
				5565014D28EBCE0700C3EBDC /* Scenes */,
			);
			path = Module;
			sourceTree = "<group>";
		};
		5565014D28EBCE0700C3EBDC /* Scenes */ = {
			isa = PBXGroup;
			children = (
				5565016528EC351500C3EBDC /* Navigator */,
				5565015728EBD62800C3EBDC /* DisplayViewController */,
				5565014E28EBCE2300C3EBDC /* SearchViewController.swift */,
				5565015328EBD2B000C3EBDC /* SearchViewModel.swift */,
			);
			path = Scenes;
			sourceTree = "<group>";
		};
		5565015028EBD1C400C3EBDC /* helper */ = {
			isa = PBXGroup;
			children = (
				5565015128EBD1E300C3EBDC /* Utilities.swift */,
				5565015A28EC0DF700C3EBDC /* DataResponse.swift */,
				5565016128EC2B2700C3EBDC /* UiViewX.swift */,
				5565016328EC2D8E00C3EBDC /* UiTableViewCell+Extension.swift */,
				55DD065728EC41F5006DDA55 /* UiImageViewX.swift */,
			);
			path = helper;
			sourceTree = "<group>";
		};
		5565015728EBD62800C3EBDC /* DisplayViewController */ = {
			isa = PBXGroup;
			children = (
				5565015C28EC1E8E00C3EBDC /* Display cell */,
				5565015828EBD64100C3EBDC /* DisplayViewController.swift */,
			);
			path = DisplayViewController;
			sourceTree = "<group>";
		};
		5565015C28EC1E8E00C3EBDC /* Display cell */ = {
			isa = PBXGroup;
			children = (
				5565015D28EC1EB000C3EBDC /* DisplayTableViewCell.swift */,
				5565015E28EC1EB000C3EBDC /* DisplayTableViewCell.xib */,
			);
			path = "Display cell";
			sourceTree = "<group>";
		};
		5565016528EC351500C3EBDC /* Navigator */ = {
			isa = PBXGroup;
			children = (
			);
			path = Navigator;
			sourceTree = "<group>";
		};
/* End PBXGroup section */

/* Begin PBXNativeTarget section */
		5565011828EBCC2D00C3EBDC /* Maqsad-Test-App */ = {
			isa = PBXNativeTarget;
			buildConfigurationList = 5565014328EBCC3100C3EBDC /* Build configuration list for PBXNativeTarget "Maqsad-Test-App" */;
			buildPhases = (
				5565011528EBCC2D00C3EBDC /* Sources */,
				5565011628EBCC2D00C3EBDC /* Frameworks */,
				5565011728EBCC2D00C3EBDC /* Resources */,
			);
			buildRules = (
			);
			dependencies = (
			);
			name = "Maqsad-Test-App";
			productName = "Maqsad-Test-App";
			productReference = 5565011928EBCC2D00C3EBDC /* Maqsad-Test-App.app */;
			productType = "com.apple.product-type.application";
		};
		5565012E28EBCC3100C3EBDC /* Maqsad-Test-AppTests */ = {
			isa = PBXNativeTarget;
			buildConfigurationList = 5565014628EBCC3100C3EBDC /* Build configuration list for PBXNativeTarget "Maqsad-Test-AppTests" */;
			buildPhases = (
				5565012B28EBCC3100C3EBDC /* Sources */,
				5565012C28EBCC3100C3EBDC /* Frameworks */,
				5565012D28EBCC3100C3EBDC /* Resources */,
			);
			buildRules = (
			);
			dependencies = (
				5565013128EBCC3100C3EBDC /* PBXTargetDependency */,
			);
			name = "Maqsad-Test-AppTests";
			productName = "Maqsad-Test-AppTests";
			productReference = 5565012F28EBCC3100C3EBDC /* Maqsad-Test-AppTests.xctest */;
			productType = "com.apple.product-type.bundle.unit-test";
		};
		5565013828EBCC3100C3EBDC /* Maqsad-Test-AppUITests */ = {
			isa = PBXNativeTarget;
			buildConfigurationList = 5565014928EBCC3100C3EBDC /* Build configuration list for PBXNativeTarget "Maqsad-Test-AppUITests" */;
			buildPhases = (
				5565013528EBCC3100C3EBDC /* Sources */,
				5565013628EBCC3100C3EBDC /* Frameworks */,
				5565013728EBCC3100C3EBDC /* Resources */,
			);
			buildRules = (
			);
			dependencies = (
				5565013B28EBCC3100C3EBDC /* PBXTargetDependency */,
			);
			name = "Maqsad-Test-AppUITests";
			productName = "Maqsad-Test-AppUITests";
			productReference = 5565013928EBCC3100C3EBDC /* Maqsad-Test-AppUITests.xctest */;
			productType = "com.apple.product-type.bundle.ui-testing";
		};
/* End PBXNativeTarget section */

/* Begin PBXProject section */
		5565011128EBCC2D00C3EBDC /* Project object */ = {
			isa = PBXProject;
			attributes = {
				BuildIndependentTargetsInParallel = 1;
				LastSwiftUpdateCheck = 1400;
				LastUpgradeCheck = 1400;
				TargetAttributes = {
					5565011828EBCC2D00C3EBDC = {
						CreatedOnToolsVersion = 14.0.1;
					};
					5565012E28EBCC3100C3EBDC = {
						CreatedOnToolsVersion = 14.0.1;
						TestTargetID = 5565011828EBCC2D00C3EBDC;
					};
					5565013828EBCC3100C3EBDC = {
						CreatedOnToolsVersion = 14.0.1;
						TestTargetID = 5565011828EBCC2D00C3EBDC;
					};
				};
			};
			buildConfigurationList = 5565011428EBCC2D00C3EBDC /* Build configuration list for PBXProject "Maqsad-Test-App" */;
			compatibilityVersion = "Xcode 14.0";
			developmentRegion = en;
			hasScannedForEncodings = 0;
			knownRegions = (
				en,
				Base,
			);
			mainGroup = 5565011028EBCC2D00C3EBDC;
			productRefGroup = 5565011A28EBCC2D00C3EBDC /* Products */;
			projectDirPath = "";
			projectRoot = "";
			targets = (
				5565011828EBCC2D00C3EBDC /* Maqsad-Test-App */,
				5565012E28EBCC3100C3EBDC /* Maqsad-Test-AppTests */,
				5565013828EBCC3100C3EBDC /* Maqsad-Test-AppUITests */,
			);
		};
/* End PBXProject section */

/* Begin PBXResourcesBuildPhase section */
		5565011728EBCC2D00C3EBDC /* Resources */ = {
			isa = PBXResourcesBuildPhase;
			buildActionMask = 2147483647;
			files = (
				5565012928EBCC3100C3EBDC /* LaunchScreen.storyboard in Resources */,
				5565012628EBCC3100C3EBDC /* Assets.xcassets in Resources */,
				5565016028EC1EB000C3EBDC /* DisplayTableViewCell.xib in Resources */,
				5565012428EBCC2D00C3EBDC /* Main.storyboard in Resources */,
			);
			runOnlyForDeploymentPostprocessing = 0;
		};
		5565012D28EBCC3100C3EBDC /* Resources */ = {
			isa = PBXResourcesBuildPhase;
			buildActionMask = 2147483647;
			files = (
			);
			runOnlyForDeploymentPostprocessing = 0;
		};
		5565013728EBCC3100C3EBDC /* Resources */ = {
			isa = PBXResourcesBuildPhase;
			buildActionMask = 2147483647;
			files = (
			);
			runOnlyForDeploymentPostprocessing = 0;
		};
/* End PBXResourcesBuildPhase section */

/* Begin PBXSourcesBuildPhase section */
		5565011528EBCC2D00C3EBDC /* Sources */ = {
			isa = PBXSourcesBuildPhase;
			buildActionMask = 2147483647;
			files = (
				5565014F28EBCE2300C3EBDC /* SearchViewController.swift in Sources */,
				5565015928EBD64100C3EBDC /* DisplayViewController.swift in Sources */,
				5565015428EBD2B000C3EBDC /* SearchViewModel.swift in Sources */,
				5565015B28EC0DF700C3EBDC /* DataResponse.swift in Sources */,
				5565011D28EBCC2D00C3EBDC /* AppDelegate.swift in Sources */,
				5565015228EBD1E300C3EBDC /* Utilities.swift in Sources */,
				55DD065828EC41F5006DDA55 /* UiImageViewX.swift in Sources */,
				5565016228EC2B2700C3EBDC /* UiViewX.swift in Sources */,
				5565015F28EC1EB000C3EBDC /* DisplayTableViewCell.swift in Sources */,
				5565011F28EBCC2D00C3EBDC /* SceneDelegate.swift in Sources */,
				5565016428EC2D8E00C3EBDC /* UiTableViewCell+Extension.swift in Sources */,
			);
			runOnlyForDeploymentPostprocessing = 0;
		};
		5565012B28EBCC3100C3EBDC /* Sources */ = {
			isa = PBXSourcesBuildPhase;
			buildActionMask = 2147483647;
			files = (
				5565013428EBCC3100C3EBDC /* Maqsad_Test_AppTests.swift in Sources */,
			);
			runOnlyForDeploymentPostprocessing = 0;
		};
		5565013528EBCC3100C3EBDC /* Sources */ = {
			isa = PBXSourcesBuildPhase;
			buildActionMask = 2147483647;
			files = (
				5565013E28EBCC3100C3EBDC /* Maqsad_Test_AppUITests.swift in Sources */,
				5565014028EBCC3100C3EBDC /* Maqsad_Test_AppUITestsLaunchTests.swift in Sources */,
			);
			runOnlyForDeploymentPostprocessing = 0;
		};
/* End PBXSourcesBuildPhase section */

/* Begin PBXTargetDependency section */
		5565013128EBCC3100C3EBDC /* PBXTargetDependency */ = {
			isa = PBXTargetDependency;
			target = 5565011828EBCC2D00C3EBDC /* Maqsad-Test-App */;
			targetProxy = 5565013028EBCC3100C3EBDC /* PBXContainerItemProxy */;
		};
		5565013B28EBCC3100C3EBDC /* PBXTargetDependency */ = {
			isa = PBXTargetDependency;
			target = 5565011828EBCC2D00C3EBDC /* Maqsad-Test-App */;
			targetProxy = 5565013A28EBCC3100C3EBDC /* PBXContainerItemProxy */;
		};
/* End PBXTargetDependency section */

/* Begin PBXVariantGroup section */
		5565012228EBCC2D00C3EBDC /* Main.storyboard */ = {
			isa = PBXVariantGroup;
			children = (
				5565012328EBCC2D00C3EBDC /* Base */,
			);
			name = Main.storyboard;
			sourceTree = "<group>";
		};
		5565012728EBCC3100C3EBDC /* LaunchScreen.storyboard */ = {
			isa = PBXVariantGroup;
			children = (
				5565012828EBCC3100C3EBDC /* Base */,
			);
			name = LaunchScreen.storyboard;
			sourceTree = "<group>";
		};
/* End PBXVariantGroup section */

/* Begin XCBuildConfiguration section */
		5565014128EBCC3100C3EBDC /* Debug */ = {
			isa = XCBuildConfiguration;
			buildSettings = {
				ALWAYS_SEARCH_USER_PATHS = NO;
				CLANG_ANALYZER_NONNULL = YES;
				CLANG_ANALYZER_NUMBER_OBJECT_CONVERSION = YES_AGGRESSIVE;
				CLANG_CXX_LANGUAGE_STANDARD = "gnu++20";
				CLANG_ENABLE_MODULES = YES;
				CLANG_ENABLE_OBJC_ARC = YES;
				CLANG_ENABLE_OBJC_WEAK = YES;
				CLANG_WARN_BLOCK_CAPTURE_AUTORELEASING = YES;
				CLANG_WARN_BOOL_CONVERSION = YES;
				CLANG_WARN_COMMA = YES;
				CLANG_WARN_CONSTANT_CONVERSION = YES;
				CLANG_WARN_DEPRECATED_OBJC_IMPLEMENTATIONS = YES;
				CLANG_WARN_DIRECT_OBJC_ISA_USAGE = YES_ERROR;
				CLANG_WARN_DOCUMENTATION_COMMENTS = YES;
				CLANG_WARN_EMPTY_BODY = YES;
				CLANG_WARN_ENUM_CONVERSION = YES;
				CLANG_WARN_INFINITE_RECURSION = YES;
				CLANG_WARN_INT_CONVERSION = YES;
				CLANG_WARN_NON_LITERAL_NULL_CONVERSION = YES;
				CLANG_WARN_OBJC_IMPLICIT_RETAIN_SELF = YES;
				CLANG_WARN_OBJC_LITERAL_CONVERSION = YES;
				CLANG_WARN_OBJC_ROOT_CLASS = YES_ERROR;
				CLANG_WARN_QUOTED_INCLUDE_IN_FRAMEWORK_HEADER = YES;
				CLANG_WARN_RANGE_LOOP_ANALYSIS = YES;
				CLANG_WARN_STRICT_PROTOTYPES = YES;
				CLANG_WARN_SUSPICIOUS_MOVE = YES;
				CLANG_WARN_UNGUARDED_AVAILABILITY = YES_AGGRESSIVE;
				CLANG_WARN_UNREACHABLE_CODE = YES;
				CLANG_WARN__DUPLICATE_METHOD_MATCH = YES;
				COPY_PHASE_STRIP = NO;
				DEBUG_INFORMATION_FORMAT = dwarf;
				ENABLE_STRICT_OBJC_MSGSEND = YES;
				ENABLE_TESTABILITY = YES;
				GCC_C_LANGUAGE_STANDARD = gnu11;
				GCC_DYNAMIC_NO_PIC = NO;
				GCC_NO_COMMON_BLOCKS = YES;
				GCC_OPTIMIZATION_LEVEL = 0;
				GCC_PREPROCESSOR_DEFINITIONS = (
					"DEBUG=1",
					"$(inherited)",
				);
				GCC_WARN_64_TO_32_BIT_CONVERSION = YES;
				GCC_WARN_ABOUT_RETURN_TYPE = YES_ERROR;
				GCC_WARN_UNDECLARED_SELECTOR = YES;
				GCC_WARN_UNINITIALIZED_AUTOS = YES_AGGRESSIVE;
				GCC_WARN_UNUSED_FUNCTION = YES;
				GCC_WARN_UNUSED_VARIABLE = YES;
				IPHONEOS_DEPLOYMENT_TARGET = 16.0;
				MTL_ENABLE_DEBUG_INFO = INCLUDE_SOURCE;
				MTL_FAST_MATH = YES;
				ONLY_ACTIVE_ARCH = YES;
				SDKROOT = iphoneos;
				SWIFT_ACTIVE_COMPILATION_CONDITIONS = DEBUG;
				SWIFT_OPTIMIZATION_LEVEL = "-Onone";
			};
			name = Debug;
		};
		5565014228EBCC3100C3EBDC /* Release */ = {
			isa = XCBuildConfiguration;
			buildSettings = {
				ALWAYS_SEARCH_USER_PATHS = NO;
				CLANG_ANALYZER_NONNULL = YES;
				CLANG_ANALYZER_NUMBER_OBJECT_CONVERSION = YES_AGGRESSIVE;
				CLANG_CXX_LANGUAGE_STANDARD = "gnu++20";
				CLANG_ENABLE_MODULES = YES;
				CLANG_ENABLE_OBJC_ARC = YES;
				CLANG_ENABLE_OBJC_WEAK = YES;
				CLANG_WARN_BLOCK_CAPTURE_AUTORELEASING = YES;
				CLANG_WARN_BOOL_CONVERSION = YES;
				CLANG_WARN_COMMA = YES;
				CLANG_WARN_CONSTANT_CONVERSION = YES;
				CLANG_WARN_DEPRECATED_OBJC_IMPLEMENTATIONS = YES;
				CLANG_WARN_DIRECT_OBJC_ISA_USAGE = YES_ERROR;
				CLANG_WARN_DOCUMENTATION_COMMENTS = YES;
				CLANG_WARN_EMPTY_BODY = YES;
				CLANG_WARN_ENUM_CONVERSION = YES;
				CLANG_WARN_INFINITE_RECURSION = YES;
				CLANG_WARN_INT_CONVERSION = YES;
				CLANG_WARN_NON_LITERAL_NULL_CONVERSION = YES;
				CLANG_WARN_OBJC_IMPLICIT_RETAIN_SELF = YES;
				CLANG_WARN_OBJC_LITERAL_CONVERSION = YES;
				CLANG_WARN_OBJC_ROOT_CLASS = YES_ERROR;
				CLANG_WARN_QUOTED_INCLUDE_IN_FRAMEWORK_HEADER = YES;
				CLANG_WARN_RANGE_LOOP_ANALYSIS = YES;
				CLANG_WARN_STRICT_PROTOTYPES = YES;
				CLANG_WARN_SUSPICIOUS_MOVE = YES;
				CLANG_WARN_UNGUARDED_AVAILABILITY = YES_AGGRESSIVE;
				CLANG_WARN_UNREACHABLE_CODE = YES;
				CLANG_WARN__DUPLICATE_METHOD_MATCH = YES;
				COPY_PHASE_STRIP = NO;
				DEBUG_INFORMATION_FORMAT = "dwarf-with-dsym";
				ENABLE_NS_ASSERTIONS = NO;
				ENABLE_STRICT_OBJC_MSGSEND = YES;
				GCC_C_LANGUAGE_STANDARD = gnu11;
				GCC_NO_COMMON_BLOCKS = YES;
				GCC_WARN_64_TO_32_BIT_CONVERSION = YES;
				GCC_WARN_ABOUT_RETURN_TYPE = YES_ERROR;
				GCC_WARN_UNDECLARED_SELECTOR = YES;
				GCC_WARN_UNINITIALIZED_AUTOS = YES_AGGRESSIVE;
				GCC_WARN_UNUSED_FUNCTION = YES;
				GCC_WARN_UNUSED_VARIABLE = YES;
				IPHONEOS_DEPLOYMENT_TARGET = 16.0;
				MTL_ENABLE_DEBUG_INFO = NO;
				MTL_FAST_MATH = YES;
				SDKROOT = iphoneos;
				SWIFT_COMPILATION_MODE = wholemodule;
				SWIFT_OPTIMIZATION_LEVEL = "-O";
				VALIDATE_PRODUCT = YES;
			};
			name = Release;
		};
		5565014428EBCC3100C3EBDC /* Debug */ = {
			isa = XCBuildConfiguration;
			buildSettings = {
				ASSETCATALOG_COMPILER_APPICON_NAME = AppIcon;
				ASSETCATALOG_COMPILER_GLOBAL_ACCENT_COLOR_NAME = AccentColor;
				CODE_SIGN_STYLE = Automatic;
				CURRENT_PROJECT_VERSION = 1;
				GENERATE_INFOPLIST_FILE = YES;
				INFOPLIST_FILE = "Maqsad-Test-App/Info.plist";
				INFOPLIST_KEY_UIApplicationSupportsIndirectInputEvents = YES;
				INFOPLIST_KEY_UILaunchStoryboardName = LaunchScreen;
				INFOPLIST_KEY_UIMainStoryboardFile = Main;
				INFOPLIST_KEY_UISupportedInterfaceOrientations_iPad = "UIInterfaceOrientationPortrait UIInterfaceOrientationPortraitUpsideDown UIInterfaceOrientationLandscapeLeft UIInterfaceOrientationLandscapeRight";
				INFOPLIST_KEY_UISupportedInterfaceOrientations_iPhone = "UIInterfaceOrientationPortrait UIInterfaceOrientationLandscapeLeft UIInterfaceOrientationLandscapeRight";
				LD_RUNPATH_SEARCH_PATHS = (
					"$(inherited)",
					"@executable_path/Frameworks",
				);
				MARKETING_VERSION = 1.0;
				PRODUCT_BUNDLE_IDENTIFIER = "animation.com.Maqsad-Test-App";
				PRODUCT_NAME = "$(TARGET_NAME)";
				SWIFT_EMIT_LOC_STRINGS = YES;
				SWIFT_VERSION = 5.0;
				TARGETED_DEVICE_FAMILY = "1,2";
			};
			name = Debug;
		};
		5565014528EBCC3100C3EBDC /* Release */ = {
			isa = XCBuildConfiguration;
			buildSettings = {
				ASSETCATALOG_COMPILER_APPICON_NAME = AppIcon;
				ASSETCATALOG_COMPILER_GLOBAL_ACCENT_COLOR_NAME = AccentColor;
				CODE_SIGN_STYLE = Automatic;
				CURRENT_PROJECT_VERSION = 1;
				GENERATE_INFOPLIST_FILE = YES;
				INFOPLIST_FILE = "Maqsad-Test-App/Info.plist";
				INFOPLIST_KEY_UIApplicationSupportsIndirectInputEvents = YES;
				INFOPLIST_KEY_UILaunchStoryboardName = LaunchScreen;
				INFOPLIST_KEY_UIMainStoryboardFile = Main;
				INFOPLIST_KEY_UISupportedInterfaceOrientations_iPad = "UIInterfaceOrientationPortrait UIInterfaceOrientationPortraitUpsideDown UIInterfaceOrientationLandscapeLeft UIInterfaceOrientationLandscapeRight";
				INFOPLIST_KEY_UISupportedInterfaceOrientations_iPhone = "UIInterfaceOrientationPortrait UIInterfaceOrientationLandscapeLeft UIInterfaceOrientationLandscapeRight";
				LD_RUNPATH_SEARCH_PATHS = (
					"$(inherited)",
					"@executable_path/Frameworks",
				);
				MARKETING_VERSION = 1.0;
				PRODUCT_BUNDLE_IDENTIFIER = "animation.com.Maqsad-Test-App";
				PRODUCT_NAME = "$(TARGET_NAME)";
				SWIFT_EMIT_LOC_STRINGS = YES;
				SWIFT_VERSION = 5.0;
				TARGETED_DEVICE_FAMILY = "1,2";
			};
			name = Release;
		};
		5565014728EBCC3100C3EBDC /* Debug */ = {
			isa = XCBuildConfiguration;
			buildSettings = {
				ALWAYS_EMBED_SWIFT_STANDARD_LIBRARIES = YES;
				BUNDLE_LOADER = "$(TEST_HOST)";
				CODE_SIGN_STYLE = Automatic;
				CURRENT_PROJECT_VERSION = 1;
				GENERATE_INFOPLIST_FILE = YES;
				IPHONEOS_DEPLOYMENT_TARGET = 16.0;
				MARKETING_VERSION = 1.0;
				PRODUCT_BUNDLE_IDENTIFIER = "animation.com.Maqsad-Test-AppTests";
				PRODUCT_NAME = "$(TARGET_NAME)";
				SWIFT_EMIT_LOC_STRINGS = NO;
				SWIFT_VERSION = 5.0;
				TARGETED_DEVICE_FAMILY = "1,2";
				TEST_HOST = "$(BUILT_PRODUCTS_DIR)/Maqsad-Test-App.app/$(BUNDLE_EXECUTABLE_FOLDER_PATH)/Maqsad-Test-App";
			};
			name = Debug;
		};
		5565014828EBCC3100C3EBDC /* Release */ = {
			isa = XCBuildConfiguration;
			buildSettings = {
				ALWAYS_EMBED_SWIFT_STANDARD_LIBRARIES = YES;
				BUNDLE_LOADER = "$(TEST_HOST)";
				CODE_SIGN_STYLE = Automatic;
				CURRENT_PROJECT_VERSION = 1;
				GENERATE_INFOPLIST_FILE = YES;
				IPHONEOS_DEPLOYMENT_TARGET = 16.0;
				MARKETING_VERSION = 1.0;
				PRODUCT_BUNDLE_IDENTIFIER = "animation.com.Maqsad-Test-AppTests";
				PRODUCT_NAME = "$(TARGET_NAME)";
				SWIFT_EMIT_LOC_STRINGS = NO;
				SWIFT_VERSION = 5.0;
				TARGETED_DEVICE_FAMILY = "1,2";
				TEST_HOST = "$(BUILT_PRODUCTS_DIR)/Maqsad-Test-App.app/$(BUNDLE_EXECUTABLE_FOLDER_PATH)/Maqsad-Test-App";
			};
			name = Release;
		};
		5565014A28EBCC3100C3EBDC /* Debug */ = {
			isa = XCBuildConfiguration;
			buildSettings = {
				ALWAYS_EMBED_SWIFT_STANDARD_LIBRARIES = YES;
				CODE_SIGN_STYLE = Automatic;
				CURRENT_PROJECT_VERSION = 1;
				GENERATE_INFOPLIST_FILE = YES;
				MARKETING_VERSION = 1.0;
				PRODUCT_BUNDLE_IDENTIFIER = "animation.com.Maqsad-Test-AppUITests";
				PRODUCT_NAME = "$(TARGET_NAME)";
				SWIFT_EMIT_LOC_STRINGS = NO;
				SWIFT_VERSION = 5.0;
				TARGETED_DEVICE_FAMILY = "1,2";
				TEST_TARGET_NAME = "Maqsad-Test-App";
			};
			name = Debug;
		};
		5565014B28EBCC3100C3EBDC /* Release */ = {
			isa = XCBuildConfiguration;
			buildSettings = {
				ALWAYS_EMBED_SWIFT_STANDARD_LIBRARIES = YES;
				CODE_SIGN_STYLE = Automatic;
				CURRENT_PROJECT_VERSION = 1;
				GENERATE_INFOPLIST_FILE = YES;
				MARKETING_VERSION = 1.0;
				PRODUCT_BUNDLE_IDENTIFIER = "animation.com.Maqsad-Test-AppUITests";
				PRODUCT_NAME = "$(TARGET_NAME)";
				SWIFT_EMIT_LOC_STRINGS = NO;
				SWIFT_VERSION = 5.0;
				TARGETED_DEVICE_FAMILY = "1,2";
				TEST_TARGET_NAME = "Maqsad-Test-App";
			};
			name = Release;
		};
/* End XCBuildConfiguration section */

/* Begin XCConfigurationList section */
		5565011428EBCC2D00C3EBDC /* Build configuration list for PBXProject "Maqsad-Test-App" */ = {
			isa = XCConfigurationList;
			buildConfigurations = (
				5565014128EBCC3100C3EBDC /* Debug */,
				5565014228EBCC3100C3EBDC /* Release */,
			);
			defaultConfigurationIsVisible = 0;
			defaultConfigurationName = Release;
		};
		5565014328EBCC3100C3EBDC /* Build configuration list for PBXNativeTarget "Maqsad-Test-App" */ = {
			isa = XCConfigurationList;
			buildConfigurations = (
				5565014428EBCC3100C3EBDC /* Debug */,
				5565014528EBCC3100C3EBDC /* Release */,
			);
			defaultConfigurationIsVisible = 0;
			defaultConfigurationName = Release;
		};
		5565014628EBCC3100C3EBDC /* Build configuration list for PBXNativeTarget "Maqsad-Test-AppTests" */ = {
			isa = XCConfigurationList;
			buildConfigurations = (
				5565014728EBCC3100C3EBDC /* Debug */,
				5565014828EBCC3100C3EBDC /* Release */,
			);
			defaultConfigurationIsVisible = 0;
			defaultConfigurationName = Release;
		};
		5565014928EBCC3100C3EBDC /* Build configuration list for PBXNativeTarget "Maqsad-Test-AppUITests" */ = {
			isa = XCConfigurationList;
			buildConfigurations = (
				5565014A28EBCC3100C3EBDC /* Debug */,
				5565014B28EBCC3100C3EBDC /* Release */,
			);
			defaultConfigurationIsVisible = 0;
			defaultConfigurationName = Release;
		};
/* End XCConfigurationList section */
	};
	rootObject = 5565011128EBCC2D00C3EBDC /* Project object */;
}
